{
  "requires": true,
  "lockfileVersion": 1,
  "dependencies": {
    "dayjs": {
      "version": "1.7.8",
      "resolved": "https://registry.npmjs.org/dayjs/-/dayjs-1.7.8.tgz",
      "integrity": "sha512-Gp4Y5KWeSri0QOWGzHQz7VrKDkfEpS92dCLK7P8hYowRFbaym1vj3d6CoHio3apSS4KSi/qb5Edemv26IN5Hfg=="
    }
  }
}
