
Microsoft Visual Studio Solution File, Format Version 12.00
# Visual Studio 15
VisualStudioVersion = 15.0.26730.0
MinimumVisualStudioVersion = 10.0.40219.1
Project("{FAE04EC0-301F-11D3-BF4B-00C04F79EFBC}") = "CC98.Forum", "CC98.Forum\CC98.Forum.csproj", "{3682B3C9-09F7-42FC-BFA8-23A207794472}"
EndProject
Global
	GlobalSection(SolutionConfigurationPlatforms) = preSolution
		Debug|Any CPU = Debug|Any CPU
		Release|Any CPU = Release|Any CPU
	EndGlobalSection
	GlobalSection(ProjectConfigurationPlatforms) = postSolution
		{3682B3C9-09F7-42FC-BFA8-23A207794472}.Debug|Any CPU.ActiveCfg = Debug|Any CPU
		{3682B3C9-09F7-42FC-BFA8-23A207794472}.Debug|Any CPU.Build.0 = Debug|Any CPU
		{3682B3C9-09F7-42FC-BFA8-23A207794472}.Release|Any CPU.ActiveCfg = Release|Any CPU
		{3682B3C9-09F7-42FC-BFA8-23A207794472}.Release|Any CPU.Build.0 = Release|Any CPU
	EndGlobalSection
	GlobalSection(SolutionProperties) = preSolution
		HideSolutionNode = FALSE
	EndGlobalSection
	GlobalSection(ExtensibilityGlobals) = postSolution
		SolutionGuid = {05E9E12D-2F5D-4DB6-921F-2BFE11493FA9}
	EndGlobalSection
EndGlobal
