
Microsoft Visual Studio Solution File, Format Version 12.00
# Visual Studio 15
VisualStudioVersion = 15.0.27703.2026
MinimumVisualStudioVersion = 10.0.40219.1
Project("{9A19103F-16F7-4668-BE54-9A1E7A4F7556}") = "CC98.Forum", "CC98.Forum.csproj", "{DB3B628A-32A6-48D3-8BC0-3A78A56CDB06}"
EndProject
Global
	GlobalSection(SolutionConfigurationPlatforms) = preSolution
		Debug|Any CPU = Debug|Any CPU
		Release|Any CPU = Release|Any CPU
	EndGlobalSection
	GlobalSection(ProjectConfigurationPlatforms) = postSolution
		{DB3B628A-32A6-48D3-8BC0-3A78A56CDB06}.Debug|Any CPU.ActiveCfg = Debug|Any CPU
		{DB3B628A-32A6-48D3-8BC0-3A78A56CDB06}.Debug|Any CPU.Build.0 = Debug|Any CPU
		{DB3B628A-32A6-48D3-8BC0-3A78A56CDB06}.Release|Any CPU.ActiveCfg = Release|Any CPU
		{DB3B628A-32A6-48D3-8BC0-3A78A56CDB06}.Release|Any CPU.Build.0 = Release|Any CPU
	EndGlobalSection
	GlobalSection(SolutionProperties) = preSolution
		HideSolutionNode = FALSE
	EndGlobalSection
	GlobalSection(ExtensibilityGlobals) = postSolution
		SolutionGuid = {3531F7B5-30DC-478D-AB55-B2999602D6B2}
	EndGlobalSection
EndGlobal
